// !$*UTF8*$!
{
	archiveVersion = 1;
	classes = {
	};
	objectVersion = 46;
	objects = {

/* Begin PBXBuildFile section */
		DF03E0C4176C7E2100519336 /* YHMatchingCell.m in Sources */ = {isa = PBXBuildFile; fileRef = DF03E0C3176C7E2100519336 /* YHMatchingCell.m */; };
		DF1A7AAD1773418400D74773 /* count0.mp3 in Resources */ = {isa = PBXBuildFile; fileRef = DF1A7AA71773418400D74773 /* count0.mp3 */; };
		DF1A7AAE1773418400D74773 /* count1.mp3 in Resources */ = {isa = PBXBuildFile; fileRef = DF1A7AA81773418400D74773 /* count1.mp3 */; };
		DF1A7AAF1773418400D74773 /* count2.mp3 in Resources */ = {isa = PBXBuildFile; fileRef = DF1A7AA91773418400D74773 /* count2.mp3 */; };
		DF1A7AB01773418400D74773 /* count3.mp3 in Resources */ = {isa = PBXBuildFile; fileRef = DF1A7AAA1773418400D74773 /* count3.mp3 */; };
		DF1A7AB11773418400D74773 /* count4.mp3 in Resources */ = {isa = PBXBuildFile; fileRef = DF1A7AAB1773418400D74773 /* count4.mp3 */; };
		DF1A7AB21773418400D74773 /* count5.mp3 in Resources */ = {isa = PBXBuildFile; fileRef = DF1A7AAC1773418400D74773 /* count5.mp3 */; };
		DF1A7AB417734D3000D74773 /* applause.mp3 in Resources */ = {isa = PBXBuildFile; fileRef = DF1A7AB317734D3000D74773 /* applause.mp3 */; };
		DF217460177499FA007CCA67 /* Animals.001.jpg in Resources */ = {isa = PBXBuildFile; fileRef = DF217444177499FA007CCA67 /* Animals.001.jpg */; };
		DF217461177499FA007CCA67 /* Animals.002.jpg in Resources */ = {isa = PBXBuildFile; fileRef = DF217445177499FA007CCA67 /* Animals.002.jpg */; };
		DF217462177499FA007CCA67 /* Animals.003.jpg in Resources */ = {isa = PBXBuildFile; fileRef = DF217446177499FA007CCA67 /* Animals.003.jpg */; };
		DF217463177499FA007CCA67 /* Animals.004.jpg in Resources */ = {isa = PBXBuildFile; fileRef = DF217447177499FA007CCA67 /* Animals.004.jpg */; };
		DF217464177499FA007CCA67 /* Animals.005.jpg in Resources */ = {isa = PBXBuildFile; fileRef = DF217448177499FA007CCA67 /* Animals.005.jpg */; };
		DF217465177499FA007CCA67 /* Animals.006.jpg in Resources */ = {isa = PBXBuildFile; fileRef = DF217449177499FA007CCA67 /* Animals.006.jpg */; };
		DF217466177499FA007CCA67 /* Animals.007.jpg in Resources */ = {isa = PBXBuildFile; fileRef = DF21744A177499FA007CCA67 /* Animals.007.jpg */; };
		DF217467177499FA007CCA67 /* Animals.008.jpg in Resources */ = {isa = PBXBuildFile; fileRef = DF21744B177499FA007CCA67 /* Animals.008.jpg */; };
		DF217468177499FA007CCA67 /* Animals.009.jpg in Resources */ = {isa = PBXBuildFile; fileRef = DF21744C177499FA007CCA67 /* Animals.009.jpg */; };
		DF217469177499FA007CCA67 /* Animals.010.jpg in Resources */ = {isa = PBXBuildFile; fileRef = DF21744D177499FA007CCA67 /* Animals.010.jpg */; };
		DF21746A177499FA007CCA67 /* Animals.011.jpg in Resources */ = {isa = PBXBuildFile; fileRef = DF21744E177499FA007CCA67 /* Animals.011.jpg */; };
		DF21746B177499FA007CCA67 /* Animals.012.jpg in Resources */ = {isa = PBXBuildFile; fileRef = DF21744F177499FA007CCA67 /* Animals.012.jpg */; };
		DF21746C177499FA007CCA67 /* Animals.013.jpg in Resources */ = {isa = PBXBuildFile; fileRef = DF217450177499FA007CCA67 /* Animals.013.jpg */; };
		DF21746D177499FA007CCA67 /* Animals.014.jpg in Resources */ = {isa = PBXBuildFile; fileRef = DF217451177499FA007CCA67 /* Animals.014.jpg */; };
		DF21746E177499FA007CCA67 /* Animals.015.jpg in Resources */ = {isa = PBXBuildFile; fileRef = DF217452177499FA007CCA67 /* Animals.015.jpg */; };
		DF21746F177499FA007CCA67 /* Animals.016.jpg in Resources */ = {isa = PBXBuildFile; fileRef = DF217453177499FA007CCA67 /* Animals.016.jpg */; };
		DF217470177499FA007CCA67 /* Animals.017.jpg in Resources */ = {isa = PBXBuildFile; fileRef = DF217454177499FA007CCA67 /* Animals.017.jpg */; };
		DF217471177499FA007CCA67 /* Animals.018.jpg in Resources */ = {isa = PBXBuildFile; fileRef = DF217455177499FA007CCA67 /* Animals.018.jpg */; };
		DF217472177499FA007CCA67 /* Animals.019.jpg in Resources */ = {isa = PBXBuildFile; fileRef = DF217456177499FA007CCA67 /* Animals.019.jpg */; };
		DF217473177499FA007CCA67 /* Animals.020.jpg in Resources */ = {isa = PBXBuildFile; fileRef = DF217457177499FA007CCA67 /* Animals.020.jpg */; };
		DF217474177499FA007CCA67 /* Animals.021.jpg in Resources */ = {isa = PBXBuildFile; fileRef = DF217458177499FA007CCA67 /* Animals.021.jpg */; };
		DF217475177499FA007CCA67 /* Animals.022.jpg in Resources */ = {isa = PBXBuildFile; fileRef = DF217459177499FA007CCA67 /* Animals.022.jpg */; };
		DF217476177499FA007CCA67 /* Animals.023.jpg in Resources */ = {isa = PBXBuildFile; fileRef = DF21745A177499FA007CCA67 /* Animals.023.jpg */; };
		DF217477177499FA007CCA67 /* Animals.024.jpg in Resources */ = {isa = PBXBuildFile; fileRef = DF21745B177499FA007CCA67 /* Animals.024.jpg */; };
		DF217478177499FA007CCA67 /* Animals.025.jpg in Resources */ = {isa = PBXBuildFile; fileRef = DF21745C177499FA007CCA67 /* Animals.025.jpg */; };
		DF217479177499FA007CCA67 /* Animals.026.jpg in Resources */ = {isa = PBXBuildFile; fileRef = DF21745D177499FA007CCA67 /* Animals.026.jpg */; };
		DF21747A177499FA007CCA67 /* Animals.027.jpg in Resources */ = {isa = PBXBuildFile; fileRef = DF21745E177499FA007CCA67 /* Animals.027.jpg */; };
		DF21747B177499FA007CCA67 /* Animals.028.jpg in Resources */ = {isa = PBXBuildFile; fileRef = DF21745F177499FA007CCA67 /* Animals.028.jpg */; };
		DF29F6D8174FB24000C44598 /* Icon.png in Resources */ = {isa = PBXBuildFile; fileRef = DF29F6D6174FB24000C44598 /* Icon.png */; };
		DF29F6D9174FB24000C44598 /* Icon@2x.png in Resources */ = {isa = PBXBuildFile; fileRef = DF29F6D7174FB24000C44598 /* Icon@2x.png */; };
		DF5EC66817677169008FE5F7 /* pictureFrame.png in Resources */ = {isa = PBXBuildFile; fileRef = DF5EC66717677169008FE5F7 /* pictureFrame.png */; };
		DF7A8417176DDDEE00FF0DBB /* AlbumFruits.strings in Resources */ = {isa = PBXBuildFile; fileRef = DF7A8419176DDDEE00FF0DBB /* AlbumFruits.strings */; };
		DF7A841B176DDE1700FF0DBB /* AlbumAnimals.strings in Resources */ = {isa = PBXBuildFile; fileRef = DF7A841D176DDE1700FF0DBB /* AlbumAnimals.strings */; };
		DF7A841F176DDE3300FF0DBB /* AlbumFamousPeople.strings in Resources */ = {isa = PBXBuildFile; fileRef = DF7A8421176DDE3300FF0DBB /* AlbumFamousPeople.strings */; };
		DF7A8423176DDE5C00FF0DBB /* AlbumJapaneseFiftySounds.strings in Resources */ = {isa = PBXBuildFile; fileRef = DF7A8425176DDE5C00FF0DBB /* AlbumJapaneseFiftySounds.strings */; };
		DF7A8427176DDEA900FF0DBB /* AlbumEnglishAlphabet.strings in Resources */ = {isa = PBXBuildFile; fileRef = DF7A8429176DDEA900FF0DBB /* AlbumEnglishAlphabet.strings */; };
		DF94F8041748E6CE008B9B65 /* UIKit.framework in Frameworks */ = {isa = PBXBuildFile; fileRef = DF94F8031748E6CE008B9B65 /* UIKit.framework */; };
		DF94F8061748E6CE008B9B65 /* Foundation.framework in Frameworks */ = {isa = PBXBuildFile; fileRef = DF94F8051748E6CE008B9B65 /* Foundation.framework */; };
		DF94F8081748E6CE008B9B65 /* CoreGraphics.framework in Frameworks */ = {isa = PBXBuildFile; fileRef = DF94F8071748E6CE008B9B65 /* CoreGraphics.framework */; };
		DF94F80E1748E6CE008B9B65 /* InfoPlist.strings in Resources */ = {isa = PBXBuildFile; fileRef = DF94F80C1748E6CE008B9B65 /* InfoPlist.strings */; };
		DF94F8101748E6CE008B9B65 /* main.m in Sources */ = {isa = PBXBuildFile; fileRef = DF94F80F1748E6CE008B9B65 /* main.m */; };
		DF94F8141748E6CE008B9B65 /* YHAppDelegate.m in Sources */ = {isa = PBXBuildFile; fileRef = DF94F8131748E6CE008B9B65 /* YHAppDelegate.m */; };
		DF94F8161748E6CE008B9B65 /* Default.png in Resources */ = {isa = PBXBuildFile; fileRef = DF94F8151748E6CE008B9B65 /* Default.png */; };
		DF94F8181748E6CE008B9B65 /* Default@2x.png in Resources */ = {isa = PBXBuildFile; fileRef = DF94F8171748E6CE008B9B65 /* Default@2x.png */; };
		DF94F81A1748E6CE008B9B65 /* Default-568h@2x.png in Resources */ = {isa = PBXBuildFile; fileRef = DF94F8191748E6CE008B9B65 /* Default-568h@2x.png */; };
		DF94F81D1748E6CE008B9B65 /* MainStoryboard_iPhone.storyboard in Resources */ = {isa = PBXBuildFile; fileRef = DF94F81B1748E6CE008B9B65 /* MainStoryboard_iPhone.storyboard */; };
		DF94F8201748E6CE008B9B65 /* MainStoryboard_iPad.storyboard in Resources */ = {isa = PBXBuildFile; fileRef = DF94F81E1748E6CE008B9B65 /* MainStoryboard_iPad.storyboard */; };
		DF94F8231748E6CE008B9B65 /* YHViewController.m in Sources */ = {isa = PBXBuildFile; fileRef = DF94F8221748E6CE008B9B65 /* YHViewController.m */; };
		DFE888A3176D64F20073C67B /* common.strings in Resources */ = {isa = PBXBuildFile; fileRef = DFE888A5176D64F20073C67B /* common.strings */; };
		DFEC51C217686E3C0007FB86 /* pictureQuestion.png in Resources */ = {isa = PBXBuildFile; fileRef = DFEC51C117686E3C0007FB86 /* pictureQuestion.png */; };
		DFEC51C41768B2720007FB86 /* FamousPeople.016.jpg in Resources */ = {isa = PBXBuildFile; fileRef = DFEC51C31768B2720007FB86 /* FamousPeople.016.jpg */; };
		DFEC51C71768CE630007FB86 /* FamousPeople.017.jpg in Resources */ = {isa = PBXBuildFile; fileRef = DFEC51C51768CE630007FB86 /* FamousPeople.017.jpg */; };
		DFEC51C81768CE630007FB86 /* FamousPeople.018.jpg in Resources */ = {isa = PBXBuildFile; fileRef = DFEC51C61768CE630007FB86 /* FamousPeople.018.jpg */; };
		DFF4E584177543A0003FF70A /* amazing.mp3 in Resources */ = {isa = PBXBuildFile; fileRef = DFF4E583177543A0003FF70A /* amazing.mp3 */; };
		DFF4E59D177579BA003FF70A /* Fruits.001.jpg in Resources */ = {isa = PBXBuildFile; fileRef = DFF4E586177579BA003FF70A /* Fruits.001.jpg */; };
		DFF4E59E177579BA003FF70A /* Fruits.002.jpg in Resources */ = {isa = PBXBuildFile; fileRef = DFF4E587177579BA003FF70A /* Fruits.002.jpg */; };
		DFF4E59F177579BA003FF70A /* Fruits.003.jpg in Resources */ = {isa = PBXBuildFile; fileRef = DFF4E588177579BA003FF70A /* Fruits.003.jpg */; };
		DFF4E5A0177579BA003FF70A /* Fruits.004.jpg in Resources */ = {isa = PBXBuildFile; fileRef = DFF4E589177579BA003FF70A /* Fruits.004.jpg */; };
		DFF4E5A1177579BA003FF70A /* Fruits.005.jpg in Resources */ = {isa = PBXBuildFile; fileRef = DFF4E58A177579BA003FF70A /* Fruits.005.jpg */; };
		DFF4E5A2177579BA003FF70A /* Fruits.006.jpg in Resources */ = {isa = PBXBuildFile; fileRef = DFF4E58B177579BA003FF70A /* Fruits.006.jpg */; };
		DFF4E5A3177579BA003FF70A /* Fruits.007.jpg in Resources */ = {isa = PBXBuildFile; fileRef = DFF4E58C177579BA003FF70A /* Fruits.007.jpg */; };
		DFF4E5A4177579BA003FF70A /* Fruits.008.jpg in Resources */ = {isa = PBXBuildFile; fileRef = DFF4E58D177579BA003FF70A /* Fruits.008.jpg */; };
		DFF4E5A5177579BA003FF70A /* Fruits.009.jpg in Resources */ = {isa = PBXBuildFile; fileRef = DFF4E58E177579BA003FF70A /* Fruits.009.jpg */; };
		DFF4E5A6177579BA003FF70A /* Fruits.010.jpg in Resources */ = {isa = PBXBuildFile; fileRef = DFF4E58F177579BA003FF70A /* Fruits.010.jpg */; };
		DFF4E5A7177579BA003FF70A /* Fruits.011.jpg in Resources */ = {isa = PBXBuildFile; fileRef = DFF4E590177579BA003FF70A /* Fruits.011.jpg */; };
		DFF4E5A8177579BA003FF70A /* Fruits.012.jpg in Resources */ = {isa = PBXBuildFile; fileRef = DFF4E591177579BA003FF70A /* Fruits.012.jpg */; };
		DFF4E5A9177579BA003FF70A /* Fruits.013.jpg in Resources */ = {isa = PBXBuildFile; fileRef = DFF4E592177579BA003FF70A /* Fruits.013.jpg */; };
		DFF4E5AA177579BA003FF70A /* Fruits.014.jpg in Resources */ = {isa = PBXBuildFile; fileRef = DFF4E593177579BA003FF70A /* Fruits.014.jpg */; };
		DFF4E5AB177579BA003FF70A /* Fruits.015.jpg in Resources */ = {isa = PBXBuildFile; fileRef = DFF4E594177579BA003FF70A /* Fruits.015.jpg */; };
		DFF4E5AC177579BA003FF70A /* Fruits.016.jpg in Resources */ = {isa = PBXBuildFile; fileRef = DFF4E595177579BA003FF70A /* Fruits.016.jpg */; };
		DFF4E5AD177579BA003FF70A /* Fruits.017.jpg in Resources */ = {isa = PBXBuildFile; fileRef = DFF4E596177579BA003FF70A /* Fruits.017.jpg */; };
		DFF4E5AE177579BA003FF70A /* Fruits.018.jpg in Resources */ = {isa = PBXBuildFile; fileRef = DFF4E597177579BA003FF70A /* Fruits.018.jpg */; };
		DFF4E5AF177579BA003FF70A /* Fruits.019.jpg in Resources */ = {isa = PBXBuildFile; fileRef = DFF4E598177579BA003FF70A /* Fruits.019.jpg */; };
		DFF4E5B0177579BA003FF70A /* Fruits.020.jpg in Resources */ = {isa = PBXBuildFile; fileRef = DFF4E599177579BA003FF70A /* Fruits.020.jpg */; };
		DFF4E5B1177579BA003FF70A /* Fruits.021.jpg in Resources */ = {isa = PBXBuildFile; fileRef = DFF4E59A177579BA003FF70A /* Fruits.021.jpg */; };
		DFF4E5B2177579BA003FF70A /* Fruits.022.jpg in Resources */ = {isa = PBXBuildFile; fileRef = DFF4E59B177579BA003FF70A /* Fruits.022.jpg */; };
		DFF4E5B3177579BA003FF70A /* Fruits.023.jpg in Resources */ = {isa = PBXBuildFile; fileRef = DFF4E59C177579BA003FF70A /* Fruits.023.jpg */; };
		DFF5C10817642EDA0096C4C9 /* YHMatchingViewController.m in Sources */ = {isa = PBXBuildFile; fileRef = DFF5C10717642EDA0096C4C9 /* YHMatchingViewController.m */; };
		DFF5C11A1764B40A0096C4C9 /* FamousPeople.001.jpg in Resources */ = {isa = PBXBuildFile; fileRef = DFF5C10B1764B40A0096C4C9 /* FamousPeople.001.jpg */; };
		DFF5C11B1764B40A0096C4C9 /* FamousPeople.002.jpg in Resources */ = {isa = PBXBuildFile; fileRef = DFF5C10C1764B40A0096C4C9 /* FamousPeople.002.jpg */; };
		DFF5C11C1764B40A0096C4C9 /* FamousPeople.003.jpg in Resources */ = {isa = PBXBuildFile; fileRef = DFF5C10D1764B40A0096C4C9 /* FamousPeople.003.jpg */; };
		DFF5C11D1764B40A0096C4C9 /* FamousPeople.004.jpg in Resources */ = {isa = PBXBuildFile; fileRef = DFF5C10E1764B40A0096C4C9 /* FamousPeople.004.jpg */; };
		DFF5C11E1764B40A0096C4C9 /* FamousPeople.005.jpg in Resources */ = {isa = PBXBuildFile; fileRef = DFF5C10F1764B40A0096C4C9 /* FamousPeople.005.jpg */; };
		DFF5C11F1764B40A0096C4C9 /* FamousPeople.006.jpg in Resources */ = {isa = PBXBuildFile; fileRef = DFF5C1101764B40A0096C4C9 /* FamousPeople.006.jpg */; };
		DFF5C1201764B40A0096C4C9 /* FamousPeople.007.jpg in Resources */ = {isa = PBXBuildFile; fileRef = DFF5C1111764B40A0096C4C9 /* FamousPeople.007.jpg */; };
		DFF5C1211764B40A0096C4C9 /* FamousPeople.008.jpg in Resources */ = {isa = PBXBuildFile; fileRef = DFF5C1121764B40A0096C4C9 /* FamousPeople.008.jpg */; };
		DFF5C1221764B40A0096C4C9 /* FamousPeople.009.jpg in Resources */ = {isa = PBXBuildFile; fileRef = DFF5C1131764B40A0096C4C9 /* FamousPeople.009.jpg */; };
		DFF5C1231764B40A0096C4C9 /* FamousPeople.010.jpg in Resources */ = {isa = PBXBuildFile; fileRef = DFF5C1141764B40A0096C4C9 /* FamousPeople.010.jpg */; };
		DFF5C1241764B40A0096C4C9 /* FamousPeople.011.jpg in Resources */ = {isa = PBXBuildFile; fileRef = DFF5C1151764B40A0096C4C9 /* FamousPeople.011.jpg */; };
		DFF5C1251764B40A0096C4C9 /* FamousPeople.012.jpg in Resources */ = {isa = PBXBuildFile; fileRef = DFF5C1161764B40A0096C4C9 /* FamousPeople.012.jpg */; };
		DFF5C1261764B40A0096C4C9 /* FamousPeople.013.jpg in Resources */ = {isa = PBXBuildFile; fileRef = DFF5C1171764B40A0096C4C9 /* FamousPeople.013.jpg */; };
		DFF5C1271764B40A0096C4C9 /* FamousPeople.014.jpg in Resources */ = {isa = PBXBuildFile; fileRef = DFF5C1181764B40A0096C4C9 /* FamousPeople.014.jpg */; };
		DFF5C1281764B40A0096C4C9 /* FamousPeople.015.jpg in Resources */ = {isa = PBXBuildFile; fileRef = DFF5C1191764B40A0096C4C9 /* FamousPeople.015.jpg */; };
		DFFF2AFF1771EFAF005E09D0 /* back_piano.mp3 in Resources */ = {isa = PBXBuildFile; fileRef = DFFF2AFD1771EFAF005E09D0 /* back_piano.mp3 */; };
		DFFF2B001771EFAF005E09D0 /* theme_piano.mp3 in Resources */ = {isa = PBXBuildFile; fileRef = DFFF2AFE1771EFAF005E09D0 /* theme_piano.mp3 */; };
		DFFF2B021771F047005E09D0 /* AVFoundation.framework in Frameworks */ = {isa = PBXBuildFile; fileRef = DFFF2B011771F047005E09D0 /* AVFoundation.framework */; };
/* End PBXBuildFile section */

/* Begin PBXFileReference section */
		DF03E0C2176C7E2100519336 /* YHMatchingCell.h */ = {isa = PBXFileReference; fileEncoding = 4; lastKnownFileType = sourcecode.c.h; path = YHMatchingCell.h; sourceTree = "<group>"; };
		DF03E0C3176C7E2100519336 /* YHMatchingCell.m */ = {isa = PBXFileReference; fileEncoding = 4; lastKnownFileType = sourcecode.c.objc; path = YHMatchingCell.m; sourceTree = "<group>"; };
		DF1A7AA71773418400D74773 /* count0.mp3 */ = {isa = PBXFileReference; lastKnownFileType = audio.mp3; name = count0.mp3; path = deepImage/audio/count0.mp3; sourceTree = "<group>"; };
		DF1A7AA81773418400D74773 /* count1.mp3 */ = {isa = PBXFileReference; lastKnownFileType = audio.mp3; name = count1.mp3; path = deepImage/audio/count1.mp3; sourceTree = "<group>"; };
		DF1A7AA91773418400D74773 /* count2.mp3 */ = {isa = PBXFileReference; lastKnownFileType = audio.mp3; name = count2.mp3; path = deepImage/audio/count2.mp3; sourceTree = "<group>"; };
		DF1A7AAA1773418400D74773 /* count3.mp3 */ = {isa = PBXFileReference; lastKnownFileType = audio.mp3; name = count3.mp3; path = deepImage/audio/count3.mp3; sourceTree = "<group>"; };
		DF1A7AAB1773418400D74773 /* count4.mp3 */ = {isa = PBXFileReference; lastKnownFileType = audio.mp3; name = count4.mp3; path = deepImage/audio/count4.mp3; sourceTree = "<group>"; };
		DF1A7AAC1773418400D74773 /* count5.mp3 */ = {isa = PBXFileReference; lastKnownFileType = audio.mp3; name = count5.mp3; path = deepImage/audio/count5.mp3; sourceTree = "<group>"; };
		DF1A7AB317734D3000D74773 /* applause.mp3 */ = {isa = PBXFileReference; lastKnownFileType = audio.mp3; name = applause.mp3; path = deepImage/audio/applause.mp3; sourceTree = "<group>"; };
		DF217444177499FA007CCA67 /* Animals.001.jpg */ = {isa = PBXFileReference; lastKnownFileType = image.jpeg; name = Animals.001.jpg; path = images/Albums/Animals/Animals.001.jpg; sourceTree = "<group>"; };
		DF217445177499FA007CCA67 /* Animals.002.jpg */ = {isa = PBXFileReference; lastKnownFileType = image.jpeg; name = Animals.002.jpg; path = images/Albums/Animals/Animals.002.jpg; sourceTree = "<group>"; };
		DF217446177499FA007CCA67 /* Animals.003.jpg */ = {isa = PBXFileReference; lastKnownFileType = image.jpeg; name = Animals.003.jpg; path = images/Albums/Animals/Animals.003.jpg; sourceTree = "<group>"; };
		DF217447177499FA007CCA67 /* Animals.004.jpg */ = {isa = PBXFileReference; lastKnownFileType = image.jpeg; name = Animals.004.jpg; path = images/Albums/Animals/Animals.004.jpg; sourceTree = "<group>"; };
		DF217448177499FA007CCA67 /* Animals.005.jpg */ = {isa = PBXFileReference; lastKnownFileType = image.jpeg; name = Animals.005.jpg; path = images/Albums/Animals/Animals.005.jpg; sourceTree = "<group>"; };
		DF217449177499FA007CCA67 /* Animals.006.jpg */ = {isa = PBXFileReference; lastKnownFileType = image.jpeg; name = Animals.006.jpg; path = images/Albums/Animals/Animals.006.jpg; sourceTree = "<group>"; };
		DF21744A177499FA007CCA67 /* Animals.007.jpg */ = {isa = PBXFileReference; lastKnownFileType = image.jpeg; name = Animals.007.jpg; path = images/Albums/Animals/Animals.007.jpg; sourceTree = "<group>"; };
		DF21744B177499FA007CCA67 /* Animals.008.jpg */ = {isa = PBXFileReference; lastKnownFileType = image.jpeg; name = Animals.008.jpg; path = images/Albums/Animals/Animals.008.jpg; sourceTree = "<group>"; };
		DF21744C177499FA007CCA67 /* Animals.009.jpg */ = {isa = PBXFileReference; lastKnownFileType = image.jpeg; name = Animals.009.jpg; path = images/Albums/Animals/Animals.009.jpg; sourceTree = "<group>"; };
		DF21744D177499FA007CCA67 /* Animals.010.jpg */ = {isa = PBXFileReference; lastKnownFileType = image.jpeg; name = Animals.010.jpg; path = images/Albums/Animals/Animals.010.jpg; sourceTree = "<group>"; };
		DF21744E177499FA007CCA67 /* Animals.011.jpg */ = {isa = PBXFileReference; lastKnownFileType = image.jpeg; name = Animals.011.jpg; path = images/Albums/Animals/Animals.011.jpg; sourceTree = "<group>"; };
		DF21744F177499FA007CCA67 /* Animals.012.jpg */ = {isa = PBXFileReference; lastKnownFileType = image.jpeg; name = Animals.012.jpg; path = images/Albums/Animals/Animals.012.jpg; sourceTree = "<group>"; };
		DF217450177499FA007CCA67 /* Animals.013.jpg */ = {isa = PBXFileReference; lastKnownFileType = image.jpeg; name = Animals.013.jpg; path = images/Albums/Animals/Animals.013.jpg; sourceTree = "<group>"; };
		DF217451177499FA007CCA67 /* Animals.014.jpg */ = {isa = PBXFileReference; lastKnownFileType = image.jpeg; name = Animals.014.jpg; path = images/Albums/Animals/Animals.014.jpg; sourceTree = "<group>"; };
		DF217452177499FA007CCA67 /* Animals.015.jpg */ = {isa = PBXFileReference; lastKnownFileType = image.jpeg; name = Animals.015.jpg; path = images/Albums/Animals/Animals.015.jpg; sourceTree = "<group>"; };
		DF217453177499FA007CCA67 /* Animals.016.jpg */ = {isa = PBXFileReference; lastKnownFileType = image.jpeg; name = Animals.016.jpg; path = images/Albums/Animals/Animals.016.jpg; sourceTree = "<group>"; };
		DF217454177499FA007CCA67 /* Animals.017.jpg */ = {isa = PBXFileReference; lastKnownFileType = image.jpeg; name = Animals.017.jpg; path = images/Albums/Animals/Animals.017.jpg; sourceTree = "<group>"; };
		DF217455177499FA007CCA67 /* Animals.018.jpg */ = {isa = PBXFileReference; lastKnownFileType = image.jpeg; name = Animals.018.jpg; path = images/Albums/Animals/Animals.018.jpg; sourceTree = "<group>"; };
		DF217456177499FA007CCA67 /* Animals.019.jpg */ = {isa = PBXFileReference; lastKnownFileType = image.jpeg; name = Animals.019.jpg; path = images/Albums/Animals/Animals.019.jpg; sourceTree = "<group>"; };
		DF217457177499FA007CCA67 /* Animals.020.jpg */ = {isa = PBXFileReference; lastKnownFileType = image.jpeg; name = Animals.020.jpg; path = images/Albums/Animals/Animals.020.jpg; sourceTree = "<group>"; };
		DF217458177499FA007CCA67 /* Animals.021.jpg */ = {isa = PBXFileReference; lastKnownFileType = image.jpeg; name = Animals.021.jpg; path = images/Albums/Animals/Animals.021.jpg; sourceTree = "<group>"; };
		DF217459177499FA007CCA67 /* Animals.022.jpg */ = {isa = PBXFileReference; lastKnownFileType = image.jpeg; name = Animals.022.jpg; path = images/Albums/Animals/Animals.022.jpg; sourceTree = "<group>"; };
		DF21745A177499FA007CCA67 /* Animals.023.jpg */ = {isa = PBXFileReference; lastKnownFileType = image.jpeg; name = Animals.023.jpg; path = images/Albums/Animals/Animals.023.jpg; sourceTree = "<group>"; };
		DF21745B177499FA007CCA67 /* Animals.024.jpg */ = {isa = PBXFileReference; lastKnownFileType = image.jpeg; name = Animals.024.jpg; path = images/Albums/Animals/Animals.024.jpg; sourceTree = "<group>"; };
		DF21745C177499FA007CCA67 /* Animals.025.jpg */ = {isa = PBXFileReference; lastKnownFileType = image.jpeg; name = Animals.025.jpg; path = images/Albums/Animals/Animals.025.jpg; sourceTree = "<group>"; };
		DF21745D177499FA007CCA67 /* Animals.026.jpg */ = {isa = PBXFileReference; lastKnownFileType = image.jpeg; name = Animals.026.jpg; path = images/Albums/Animals/Animals.026.jpg; sourceTree = "<group>"; };
		DF21745E177499FA007CCA67 /* Animals.027.jpg */ = {isa = PBXFileReference; lastKnownFileType = image.jpeg; name = Animals.027.jpg; path = images/Albums/Animals/Animals.027.jpg; sourceTree = "<group>"; };
		DF21745F177499FA007CCA67 /* Animals.028.jpg */ = {isa = PBXFileReference; lastKnownFileType = image.jpeg; name = Animals.028.jpg; path = images/Albums/Animals/Animals.028.jpg; sourceTree = "<group>"; };
		DF29F6D6174FB24000C44598 /* Icon.png */ = {isa = PBXFileReference; lastKnownFileType = image.png; name = Icon.png; path = images/icons/Icon.png; sourceTree = "<group>"; };
		DF29F6D7174FB24000C44598 /* Icon@2x.png */ = {isa = PBXFileReference; lastKnownFileType = image.png; name = "Icon@2x.png"; path = "images/icons/Icon@2x.png"; sourceTree = "<group>"; };
		DF5EC66717677169008FE5F7 /* pictureFrame.png */ = {isa = PBXFileReference; lastKnownFileType = image.png; name = pictureFrame.png; path = images/pictureFrame.png; sourceTree = "<group>"; };
		DF7A840C176D916F00FF0DBB /* zh-Hant */ = {isa = PBXFileReference; lastKnownFileType = file.storyboard; name = "zh-Hant"; path = "zh-Hant.lproj/MainStoryboard_iPhone.storyboard"; sourceTree = "<group>"; };
		DF7A8418176DDDEE00FF0DBB /* en */ = {isa = PBXFileReference; lastKnownFileType = text.plist.strings; name = en; path = en.lproj/AlbumFruits.strings; sourceTree = "<group>"; };
		DF7A841A176DDDF700FF0DBB /* zh-Hant */ = {isa = PBXFileReference; lastKnownFileType = text.plist.strings; name = "zh-Hant"; path = "zh-Hant.lproj/AlbumFruits.strings"; sourceTree = "<group>"; };
		DF7A841C176DDE1700FF0DBB /* en */ = {isa = PBXFileReference; lastKnownFileType = text.plist.strings; name = en; path = en.lproj/AlbumAnimals.strings; sourceTree = "<group>"; };
		DF7A841E176DDE1D00FF0DBB /* zh-Hant */ = {isa = PBXFileReference; lastKnownFileType = text.plist.strings; name = "zh-Hant"; path = "zh-Hant.lproj/AlbumAnimals.strings"; sourceTree = "<group>"; };
		DF7A8420176DDE3300FF0DBB /* en */ = {isa = PBXFileReference; lastKnownFileType = text.plist.strings; name = en; path = en.lproj/AlbumFamousPeople.strings; sourceTree = "<group>"; };
		DF7A8422176DDE3900FF0DBB /* zh-Hant */ = {isa = PBXFileReference; lastKnownFileType = text.plist.strings; name = "zh-Hant"; path = "zh-Hant.lproj/AlbumFamousPeople.strings"; sourceTree = "<group>"; };
		DF7A8424176DDE5C00FF0DBB /* en */ = {isa = PBXFileReference; lastKnownFileType = text.plist.strings; name = en; path = en.lproj/AlbumJapaneseFiftySounds.strings; sourceTree = "<group>"; };
		DF7A8426176DDE6200FF0DBB /* zh-Hant */ = {isa = PBXFileReference; lastKnownFileType = text.plist.strings; name = "zh-Hant"; path = "zh-Hant.lproj/AlbumJapaneseFiftySounds.strings"; sourceTree = "<group>"; };
		DF7A8428176DDEA900FF0DBB /* en */ = {isa = PBXFileReference; lastKnownFileType = text.plist.strings; name = en; path = en.lproj/AlbumEnglishAlphabet.strings; sourceTree = "<group>"; };
		DF7A842A176DDEAE00FF0DBB /* zh-Hant */ = {isa = PBXFileReference; lastKnownFileType = text.plist.strings; name = "zh-Hant"; path = "zh-Hant.lproj/AlbumEnglishAlphabet.strings"; sourceTree = "<group>"; };
		DF94F8001748E6CE008B9B65 /* deepImage.app */ = {isa = PBXFileReference; explicitFileType = wrapper.application; includeInIndex = 0; path = deepImage.app; sourceTree = BUILT_PRODUCTS_DIR; };
		DF94F8031748E6CE008B9B65 /* UIKit.framework */ = {isa = PBXFileReference; lastKnownFileType = wrapper.framework; name = UIKit.framework; path = System/Library/Frameworks/UIKit.framework; sourceTree = SDKROOT; };
		DF94F8051748E6CE008B9B65 /* Foundation.framework */ = {isa = PBXFileReference; lastKnownFileType = wrapper.framework; name = Foundation.framework; path = System/Library/Frameworks/Foundation.framework; sourceTree = SDKROOT; };
		DF94F8071748E6CE008B9B65 /* CoreGraphics.framework */ = {isa = PBXFileReference; lastKnownFileType = wrapper.framework; name = CoreGraphics.framework; path = System/Library/Frameworks/CoreGraphics.framework; sourceTree = SDKROOT; };
		DF94F80B1748E6CE008B9B65 /* deepImage-Info.plist */ = {isa = PBXFileReference; lastKnownFileType = text.plist.xml; path = "deepImage-Info.plist"; sourceTree = "<group>"; };
		DF94F80D1748E6CE008B9B65 /* en */ = {isa = PBXFileReference; lastKnownFileType = text.plist.strings; name = en; path = en.lproj/InfoPlist.strings; sourceTree = "<group>"; };
		DF94F80F1748E6CE008B9B65 /* main.m */ = {isa = PBXFileReference; lastKnownFileType = sourcecode.c.objc; path = main.m; sourceTree = "<group>"; };
		DF94F8111748E6CE008B9B65 /* deepImage-Prefix.pch */ = {isa = PBXFileReference; lastKnownFileType = sourcecode.c.h; path = "deepImage-Prefix.pch"; sourceTree = "<group>"; };
		DF94F8121748E6CE008B9B65 /* YHAppDelegate.h */ = {isa = PBXFileReference; lastKnownFileType = sourcecode.c.h; path = YHAppDelegate.h; sourceTree = "<group>"; };
		DF94F8131748E6CE008B9B65 /* YHAppDelegate.m */ = {isa = PBXFileReference; lastKnownFileType = sourcecode.c.objc; path = YHAppDelegate.m; sourceTree = "<group>"; };
		DF94F8151748E6CE008B9B65 /* Default.png */ = {isa = PBXFileReference; lastKnownFileType = image.png; path = Default.png; sourceTree = "<group>"; };
		DF94F8171748E6CE008B9B65 /* Default@2x.png */ = {isa = PBXFileReference; lastKnownFileType = image.png; path = "Default@2x.png"; sourceTree = "<group>"; };
		DF94F8191748E6CE008B9B65 /* Default-568h@2x.png */ = {isa = PBXFileReference; lastKnownFileType = image.png; path = "Default-568h@2x.png"; sourceTree = "<group>"; };
		DF94F81C1748E6CE008B9B65 /* en */ = {isa = PBXFileReference; lastKnownFileType = file.storyboard; name = en; path = en.lproj/MainStoryboard_iPhone.storyboard; sourceTree = "<group>"; };
		DF94F81F1748E6CE008B9B65 /* en */ = {isa = PBXFileReference; lastKnownFileType = file.storyboard; name = en; path = en.lproj/MainStoryboard_iPad.storyboard; sourceTree = "<group>"; };
		DF94F8211748E6CE008B9B65 /* YHViewController.h */ = {isa = PBXFileReference; lastKnownFileType = sourcecode.c.h; path = YHViewController.h; sourceTree = "<group>"; };
		DF94F8221748E6CE008B9B65 /* YHViewController.m */ = {isa = PBXFileReference; lastKnownFileType = sourcecode.c.objc; path = YHViewController.m; sourceTree = "<group>"; };
		DFE888A4176D64F20073C67B /* en */ = {isa = PBXFileReference; lastKnownFileType = text.plist.strings; name = en; path = en.lproj/common.strings; sourceTree = "<group>"; };
		DFE888A6176D65B80073C67B /* zh-Hant */ = {isa = PBXFileReference; lastKnownFileType = text.plist.strings; name = "zh-Hant"; path = "zh-Hant.lproj/common.strings"; sourceTree = "<group>"; };
		DFE888A7176D65B80073C67B /* zh-Hant */ = {isa = PBXFileReference; lastKnownFileType = text.plist.strings; name = "zh-Hant"; path = "zh-Hant.lproj/InfoPlist.strings"; sourceTree = "<group>"; };
		DFEC51C117686E3C0007FB86 /* pictureQuestion.png */ = {isa = PBXFileReference; lastKnownFileType = image.png; name = pictureQuestion.png; path = images/pictureQuestion.png; sourceTree = "<group>"; };
		DFEC51C31768B2720007FB86 /* FamousPeople.016.jpg */ = {isa = PBXFileReference; lastKnownFileType = image.jpeg; name = FamousPeople.016.jpg; path = images/Albums/FamousPeople/FamousPeople.016.jpg; sourceTree = "<group>"; };
		DFEC51C51768CE630007FB86 /* FamousPeople.017.jpg */ = {isa = PBXFileReference; lastKnownFileType = image.jpeg; name = FamousPeople.017.jpg; path = images/Albums/FamousPeople/FamousPeople.017.jpg; sourceTree = "<group>"; };
		DFEC51C61768CE630007FB86 /* FamousPeople.018.jpg */ = {isa = PBXFileReference; lastKnownFileType = image.jpeg; name = FamousPeople.018.jpg; path = images/Albums/FamousPeople/FamousPeople.018.jpg; sourceTree = "<group>"; };
		DFF4E583177543A0003FF70A /* amazing.mp3 */ = {isa = PBXFileReference; lastKnownFileType = audio.mp3; name = amazing.mp3; path = deepImage/audio/amazing.mp3; sourceTree = "<group>"; };
		DFF4E586177579BA003FF70A /* Fruits.001.jpg */ = {isa = PBXFileReference; lastKnownFileType = image.jpeg; name = Fruits.001.jpg; path = images/Albums/Fruits/Fruits.001.jpg; sourceTree = "<group>"; };
		DFF4E587177579BA003FF70A /* Fruits.002.jpg */ = {isa = PBXFileReference; lastKnownFileType = image.jpeg; name = Fruits.002.jpg; path = images/Albums/Fruits/Fruits.002.jpg; sourceTree = "<group>"; };
		DFF4E588177579BA003FF70A /* Fruits.003.jpg */ = {isa = PBXFileReference; lastKnownFileType = image.jpeg; name = Fruits.003.jpg; path = images/Albums/Fruits/Fruits.003.jpg; sourceTree = "<group>"; };
		DFF4E589177579BA003FF70A /* Fruits.004.jpg */ = {isa = PBXFileReference; lastKnownFileType = image.jpeg; name = Fruits.004.jpg; path = images/Albums/Fruits/Fruits.004.jpg; sourceTree = "<group>"; };
		DFF4E58A177579BA003FF70A /* Fruits.005.jpg */ = {isa = PBXFileReference; lastKnownFileType = image.jpeg; name = Fruits.005.jpg; path = images/Albums/Fruits/Fruits.005.jpg; sourceTree = "<group>"; };
		DFF4E58B177579BA003FF70A /* Fruits.006.jpg */ = {isa = PBXFileReference; lastKnownFileType = image.jpeg; name = Fruits.006.jpg; path = images/Albums/Fruits/Fruits.006.jpg; sourceTree = "<group>"; };
		DFF4E58C177579BA003FF70A /* Fruits.007.jpg */ = {isa = PBXFileReference; lastKnownFileType = image.jpeg; name = Fruits.007.jpg; path = images/Albums/Fruits/Fruits.007.jpg; sourceTree = "<group>"; };
		DFF4E58D177579BA003FF70A /* Fruits.008.jpg */ = {isa = PBXFileReference; lastKnownFileType = image.jpeg; name = Fruits.008.jpg; path = images/Albums/Fruits/Fruits.008.jpg; sourceTree = "<group>"; };
		DFF4E58E177579BA003FF70A /* Fruits.009.jpg */ = {isa = PBXFileReference; lastKnownFileType = image.jpeg; name = Fruits.009.jpg; path = images/Albums/Fruits/Fruits.009.jpg; sourceTree = "<group>"; };
		DFF4E58F177579BA003FF70A /* Fruits.010.jpg */ = {isa = PBXFileReference; lastKnownFileType = image.jpeg; name = Fruits.010.jpg; path = images/Albums/Fruits/Fruits.010.jpg; sourceTree = "<group>"; };
		DFF4E590177579BA003FF70A /* Fruits.011.jpg */ = {isa = PBXFileReference; lastKnownFileType = image.jpeg; name = Fruits.011.jpg; path = images/Albums/Fruits/Fruits.011.jpg; sourceTree = "<group>"; };
		DFF4E591177579BA003FF70A /* Fruits.012.jpg */ = {isa = PBXFileReference; lastKnownFileType = image.jpeg; name = Fruits.012.jpg; path = images/Albums/Fruits/Fruits.012.jpg; sourceTree = "<group>"; };
		DFF4E592177579BA003FF70A /* Fruits.013.jpg */ = {isa = PBXFileReference; lastKnownFileType = image.jpeg; name = Fruits.013.jpg; path = images/Albums/Fruits/Fruits.013.jpg; sourceTree = "<group>"; };
		DFF4E593177579BA003FF70A /* Fruits.014.jpg */ = {isa = PBXFileReference; lastKnownFileType = image.jpeg; name = Fruits.014.jpg; path = images/Albums/Fruits/Fruits.014.jpg; sourceTree = "<group>"; };
		DFF4E594177579BA003FF70A /* Fruits.015.jpg */ = {isa = PBXFileReference; lastKnownFileType = image.jpeg; name = Fruits.015.jpg; path = images/Albums/Fruits/Fruits.015.jpg; sourceTree = "<group>"; };
		DFF4E595177579BA003FF70A /* Fruits.016.jpg */ = {isa = PBXFileReference; lastKnownFileType = image.jpeg; name = Fruits.016.jpg; path = images/Albums/Fruits/Fruits.016.jpg; sourceTree = "<group>"; };
		DFF4E596177579BA003FF70A /* Fruits.017.jpg */ = {isa = PBXFileReference; lastKnownFileType = image.jpeg; name = Fruits.017.jpg; path = images/Albums/Fruits/Fruits.017.jpg; sourceTree = "<group>"; };
		DFF4E597177579BA003FF70A /* Fruits.018.jpg */ = {isa = PBXFileReference; lastKnownFileType = image.jpeg; name = Fruits.018.jpg; path = images/Albums/Fruits/Fruits.018.jpg; sourceTree = "<group>"; };
		DFF4E598177579BA003FF70A /* Fruits.019.jpg */ = {isa = PBXFileReference; lastKnownFileType = image.jpeg; name = Fruits.019.jpg; path = images/Albums/Fruits/Fruits.019.jpg; sourceTree = "<group>"; };
		DFF4E599177579BA003FF70A /* Fruits.020.jpg */ = {isa = PBXFileReference; lastKnownFileType = image.jpeg; name = Fruits.020.jpg; path = images/Albums/Fruits/Fruits.020.jpg; sourceTree = "<group>"; };
		DFF4E59A177579BA003FF70A /* Fruits.021.jpg */ = {isa = PBXFileReference; lastKnownFileType = image.jpeg; name = Fruits.021.jpg; path = images/Albums/Fruits/Fruits.021.jpg; sourceTree = "<group>"; };
		DFF4E59B177579BA003FF70A /* Fruits.022.jpg */ = {isa = PBXFileReference; lastKnownFileType = image.jpeg; name = Fruits.022.jpg; path = images/Albums/Fruits/Fruits.022.jpg; sourceTree = "<group>"; };
		DFF4E59C177579BA003FF70A /* Fruits.023.jpg */ = {isa = PBXFileReference; lastKnownFileType = image.jpeg; name = Fruits.023.jpg; path = images/Albums/Fruits/Fruits.023.jpg; sourceTree = "<group>"; };
		DFF5C10617642EDA0096C4C9 /* YHMatchingViewController.h */ = {isa = PBXFileReference; fileEncoding = 4; lastKnownFileType = sourcecode.c.h; name = YHMatchingViewController.h; path = ../YHMatchingViewController.h; sourceTree = "<group>"; };
		DFF5C10717642EDA0096C4C9 /* YHMatchingViewController.m */ = {isa = PBXFileReference; fileEncoding = 4; lastKnownFileType = sourcecode.c.objc; name = YHMatchingViewController.m; path = ../YHMatchingViewController.m; sourceTree = "<group>"; };
		DFF5C10B1764B40A0096C4C9 /* FamousPeople.001.jpg */ = {isa = PBXFileReference; lastKnownFileType = image.jpeg; name = FamousPeople.001.jpg; path = images/Albums/FamousPeople/FamousPeople.001.jpg; sourceTree = "<group>"; };
		DFF5C10C1764B40A0096C4C9 /* FamousPeople.002.jpg */ = {isa = PBXFileReference; lastKnownFileType = image.jpeg; name = FamousPeople.002.jpg; path = images/Albums/FamousPeople/FamousPeople.002.jpg; sourceTree = "<group>"; };
		DFF5C10D1764B40A0096C4C9 /* FamousPeople.003.jpg */ = {isa = PBXFileReference; lastKnownFileType = image.jpeg; name = FamousPeople.003.jpg; path = images/Albums/FamousPeople/FamousPeople.003.jpg; sourceTree = "<group>"; };
		DFF5C10E1764B40A0096C4C9 /* FamousPeople.004.jpg */ = {isa = PBXFileReference; lastKnownFileType = image.jpeg; name = FamousPeople.004.jpg; path = images/Albums/FamousPeople/FamousPeople.004.jpg; sourceTree = "<group>"; };
		DFF5C10F1764B40A0096C4C9 /* FamousPeople.005.jpg */ = {isa = PBXFileReference; lastKnownFileType = image.jpeg; name = FamousPeople.005.jpg; path = images/Albums/FamousPeople/FamousPeople.005.jpg; sourceTree = "<group>"; };
		DFF5C1101764B40A0096C4C9 /* FamousPeople.006.jpg */ = {isa = PBXFileReference; lastKnownFileType = image.jpeg; name = FamousPeople.006.jpg; path = images/Albums/FamousPeople/FamousPeople.006.jpg; sourceTree = "<group>"; };
		DFF5C1111764B40A0096C4C9 /* FamousPeople.007.jpg */ = {isa = PBXFileReference; lastKnownFileType = image.jpeg; name = FamousPeople.007.jpg; path = images/Albums/FamousPeople/FamousPeople.007.jpg; sourceTree = "<group>"; };
		DFF5C1121764B40A0096C4C9 /* FamousPeople.008.jpg */ = {isa = PBXFileReference; lastKnownFileType = image.jpeg; name = FamousPeople.008.jpg; path = images/Albums/FamousPeople/FamousPeople.008.jpg; sourceTree = "<group>"; };
		DFF5C1131764B40A0096C4C9 /* FamousPeople.009.jpg */ = {isa = PBXFileReference; lastKnownFileType = image.jpeg; name = FamousPeople.009.jpg; path = images/Albums/FamousPeople/FamousPeople.009.jpg; sourceTree = "<group>"; };
		DFF5C1141764B40A0096C4C9 /* FamousPeople.010.jpg */ = {isa = PBXFileReference; lastKnownFileType = image.jpeg; name = FamousPeople.010.jpg; path = images/Albums/FamousPeople/FamousPeople.010.jpg; sourceTree = "<group>"; };
		DFF5C1151764B40A0096C4C9 /* FamousPeople.011.jpg */ = {isa = PBXFileReference; lastKnownFileType = image.jpeg; name = FamousPeople.011.jpg; path = images/Albums/FamousPeople/FamousPeople.011.jpg; sourceTree = "<group>"; };
		DFF5C1161764B40A0096C4C9 /* FamousPeople.012.jpg */ = {isa = PBXFileReference; lastKnownFileType = image.jpeg; name = FamousPeople.012.jpg; path = images/Albums/FamousPeople/FamousPeople.012.jpg; sourceTree = "<group>"; };
		DFF5C1171764B40A0096C4C9 /* FamousPeople.013.jpg */ = {isa = PBXFileReference; lastKnownFileType = image.jpeg; name = FamousPeople.013.jpg; path = images/Albums/FamousPeople/FamousPeople.013.jpg; sourceTree = "<group>"; };
		DFF5C1181764B40A0096C4C9 /* FamousPeople.014.jpg */ = {isa = PBXFileReference; lastKnownFileType = image.jpeg; name = FamousPeople.014.jpg; path = images/Albums/FamousPeople/FamousPeople.014.jpg; sourceTree = "<group>"; };
		DFF5C1191764B40A0096C4C9 /* FamousPeople.015.jpg */ = {isa = PBXFileReference; lastKnownFileType = image.jpeg; name = FamousPeople.015.jpg; path = images/Albums/FamousPeople/FamousPeople.015.jpg; sourceTree = "<group>"; };
		DFFF2AFD1771EFAF005E09D0 /* back_piano.mp3 */ = {isa = PBXFileReference; lastKnownFileType = audio.mp3; name = back_piano.mp3; path = deepImage/audio/back_piano.mp3; sourceTree = "<group>"; };
		DFFF2AFE1771EFAF005E09D0 /* theme_piano.mp3 */ = {isa = PBXFileReference; lastKnownFileType = audio.mp3; name = theme_piano.mp3; path = deepImage/audio/theme_piano.mp3; sourceTree = "<group>"; };
		DFFF2B011771F047005E09D0 /* AVFoundation.framework */ = {isa = PBXFileReference; lastKnownFileType = wrapper.framework; name = AVFoundation.framework; path = System/Library/Frameworks/AVFoundation.framework; sourceTree = SDKROOT; };
/* End PBXFileReference section */

/* Begin PBXFrameworksBuildPhase section */
		DF94F7FD1748E6CE008B9B65 /* Frameworks */ = {
			isa = PBXFrameworksBuildPhase;
			buildActionMask = 2147483647;
			files = (
				DFFF2B021771F047005E09D0 /* AVFoundation.framework in Frameworks */,
				DF94F8041748E6CE008B9B65 /* UIKit.framework in Frameworks */,
				DF94F8061748E6CE008B9B65 /* Foundation.framework in Frameworks */,
				DF94F8081748E6CE008B9B65 /* CoreGraphics.framework in Frameworks */,
			);
			runOnlyForDeploymentPostprocessing = 0;
		};
/* End PBXFrameworksBuildPhase section */

/* Begin PBXGroup section */
		DF21744317749955007CCA67 /* Animals */ = {
			isa = PBXGroup;
			children = (
				DF217444177499FA007CCA67 /* Animals.001.jpg */,
				DF217445177499FA007CCA67 /* Animals.002.jpg */,
				DF217446177499FA007CCA67 /* Animals.003.jpg */,
				DF217447177499FA007CCA67 /* Animals.004.jpg */,
				DF217448177499FA007CCA67 /* Animals.005.jpg */,
				DF217449177499FA007CCA67 /* Animals.006.jpg */,
				DF21744A177499FA007CCA67 /* Animals.007.jpg */,
				DF21744B177499FA007CCA67 /* Animals.008.jpg */,
				DF21744C177499FA007CCA67 /* Animals.009.jpg */,
				DF21744D177499FA007CCA67 /* Animals.010.jpg */,
				DF21744E177499FA007CCA67 /* Animals.011.jpg */,
				DF21744F177499FA007CCA67 /* Animals.012.jpg */,
				DF217450177499FA007CCA67 /* Animals.013.jpg */,
				DF217451177499FA007CCA67 /* Animals.014.jpg */,
				DF217452177499FA007CCA67 /* Animals.015.jpg */,
				DF217453177499FA007CCA67 /* Animals.016.jpg */,
				DF217454177499FA007CCA67 /* Animals.017.jpg */,
				DF217455177499FA007CCA67 /* Animals.018.jpg */,
				DF217456177499FA007CCA67 /* Animals.019.jpg */,
				DF217457177499FA007CCA67 /* Animals.020.jpg */,
				DF217458177499FA007CCA67 /* Animals.021.jpg */,
				DF217459177499FA007CCA67 /* Animals.022.jpg */,
				DF21745A177499FA007CCA67 /* Animals.023.jpg */,
				DF21745B177499FA007CCA67 /* Animals.024.jpg */,
				DF21745C177499FA007CCA67 /* Animals.025.jpg */,
				DF21745D177499FA007CCA67 /* Animals.026.jpg */,
				DF21745E177499FA007CCA67 /* Animals.027.jpg */,
				DF21745F177499FA007CCA67 /* Animals.028.jpg */,
			);
			name = Animals;
			sourceTree = "<group>";
		};
		DF29F6D2174FB04D00C44598 /* images */ = {
			isa = PBXGroup;
			children = (
				DF5EC66717677169008FE5F7 /* pictureFrame.png */,
				DFEC51C117686E3C0007FB86 /* pictureQuestion.png */,
				DFF5C1091764B21A0096C4C9 /* Albums */,
				DF29F6D3174FB05C00C44598 /* icons */,
			);
			name = images;
			path = deepImage;
			sourceTree = "<group>";
		};
		DF29F6D3174FB05C00C44598 /* icons */ = {
			isa = PBXGroup;
			children = (
				DF29F6D6174FB24000C44598 /* Icon.png */,
				DF29F6D7174FB24000C44598 /* Icon@2x.png */,
			);
			name = icons;
			sourceTree = "<group>";
		};
		DF94F7F71748E6CE008B9B65 = {
			isa = PBXGroup;
			children = (
				DFFF2B011771F047005E09D0 /* AVFoundation.framework */,
				DF94F8091748E6CE008B9B65 /* deepImage */,
				DF29F6D2174FB04D00C44598 /* images */,
				DFFF2AFC1771EF6D005E09D0 /* audio */,
				DF94F8021748E6CE008B9B65 /* Frameworks */,
				DF94F8011748E6CE008B9B65 /* Products */,
			);
			sourceTree = "<group>";
		};
		DF94F8011748E6CE008B9B65 /* Products */ = {
			isa = PBXGroup;
			children = (
				DF94F8001748E6CE008B9B65 /* deepImage.app */,
			);
			name = Products;
			sourceTree = "<group>";
		};
		DF94F8021748E6CE008B9B65 /* Frameworks */ = {
			isa = PBXGroup;
			children = (
				DF94F8031748E6CE008B9B65 /* UIKit.framework */,
				DF94F8051748E6CE008B9B65 /* Foundation.framework */,
				DF94F8071748E6CE008B9B65 /* CoreGraphics.framework */,
			);
			name = Frameworks;
			sourceTree = "<group>";
		};
		DF94F8091748E6CE008B9B65 /* deepImage */ = {
			isa = PBXGroup;
			children = (
				DF94F8121748E6CE008B9B65 /* YHAppDelegate.h */,
				DF94F8131748E6CE008B9B65 /* YHAppDelegate.m */,
				DF94F81B1748E6CE008B9B65 /* MainStoryboard_iPhone.storyboard */,
				DF94F81E1748E6CE008B9B65 /* MainStoryboard_iPad.storyboard */,
				DF94F8211748E6CE008B9B65 /* YHViewController.h */,
				DF94F8221748E6CE008B9B65 /* YHViewController.m */,
				DFF5C10617642EDA0096C4C9 /* YHMatchingViewController.h */,
				DFF5C10717642EDA0096C4C9 /* YHMatchingViewController.m */,
				DF03E0C2176C7E2100519336 /* YHMatchingCell.h */,
				DF03E0C3176C7E2100519336 /* YHMatchingCell.m */,
				DF94F80A1748E6CE008B9B65 /* Supporting Files */,
			);
			path = deepImage;
			sourceTree = "<group>";
		};
		DF94F80A1748E6CE008B9B65 /* Supporting Files */ = {
			isa = PBXGroup;
			children = (
				DF94F80B1748E6CE008B9B65 /* deepImage-Info.plist */,
				DF94F80C1748E6CE008B9B65 /* InfoPlist.strings */,
				DF94F80F1748E6CE008B9B65 /* main.m */,
				DF94F8111748E6CE008B9B65 /* deepImage-Prefix.pch */,
				DF94F8151748E6CE008B9B65 /* Default.png */,
				DF94F8171748E6CE008B9B65 /* Default@2x.png */,
				DF94F8191748E6CE008B9B65 /* Default-568h@2x.png */,
				DFE888A5176D64F20073C67B /* common.strings */,
				DF7A8419176DDDEE00FF0DBB /* AlbumFruits.strings */,
				DF7A841D176DDE1700FF0DBB /* AlbumAnimals.strings */,
				DF7A8421176DDE3300FF0DBB /* AlbumFamousPeople.strings */,
				DF7A8425176DDE5C00FF0DBB /* AlbumJapaneseFiftySounds.strings */,
				DF7A8429176DDEA900FF0DBB /* AlbumEnglishAlphabet.strings */,
			);
			name = "Supporting Files";
			sourceTree = "<group>";
		};
		DFF4E5851775792F003FF70A /* Fruits */ = {
			isa = PBXGroup;
			children = (
				DFF4E586177579BA003FF70A /* Fruits.001.jpg */,
				DFF4E587177579BA003FF70A /* Fruits.002.jpg */,
				DFF4E588177579BA003FF70A /* Fruits.003.jpg */,
				DFF4E589177579BA003FF70A /* Fruits.004.jpg */,
				DFF4E58A177579BA003FF70A /* Fruits.005.jpg */,
				DFF4E58B177579BA003FF70A /* Fruits.006.jpg */,
				DFF4E58C177579BA003FF70A /* Fruits.007.jpg */,
				DFF4E58D177579BA003FF70A /* Fruits.008.jpg */,
				DFF4E58E177579BA003FF70A /* Fruits.009.jpg */,
				DFF4E58F177579BA003FF70A /* Fruits.010.jpg */,
				DFF4E590177579BA003FF70A /* Fruits.011.jpg */,
				DFF4E591177579BA003FF70A /* Fruits.012.jpg */,
				DFF4E592177579BA003FF70A /* Fruits.013.jpg */,
				DFF4E593177579BA003FF70A /* Fruits.014.jpg */,
				DFF4E594177579BA003FF70A /* Fruits.015.jpg */,
				DFF4E595177579BA003FF70A /* Fruits.016.jpg */,
				DFF4E596177579BA003FF70A /* Fruits.017.jpg */,
				DFF4E597177579BA003FF70A /* Fruits.018.jpg */,
				DFF4E598177579BA003FF70A /* Fruits.019.jpg */,
				DFF4E599177579BA003FF70A /* Fruits.020.jpg */,
				DFF4E59A177579BA003FF70A /* Fruits.021.jpg */,
				DFF4E59B177579BA003FF70A /* Fruits.022.jpg */,
				DFF4E59C177579BA003FF70A /* Fruits.023.jpg */,
			);
			name = Fruits;
			sourceTree = "<group>";
		};
		DFF5C1091764B21A0096C4C9 /* Albums */ = {
			isa = PBXGroup;
			children = (
				DFF4E5851775792F003FF70A /* Fruits */,
				DF21744317749955007CCA67 /* Animals */,
				DFF5C10A1764B24E0096C4C9 /* FamousPeople */,
			);
			name = Albums;
			sourceTree = "<group>";
		};
		DFF5C10A1764B24E0096C4C9 /* FamousPeople */ = {
			isa = PBXGroup;
			children = (
				DFF5C10B1764B40A0096C4C9 /* FamousPeople.001.jpg */,
				DFF5C10C1764B40A0096C4C9 /* FamousPeople.002.jpg */,
				DFF5C10D1764B40A0096C4C9 /* FamousPeople.003.jpg */,
				DFF5C10E1764B40A0096C4C9 /* FamousPeople.004.jpg */,
				DFF5C10F1764B40A0096C4C9 /* FamousPeople.005.jpg */,
				DFF5C1101764B40A0096C4C9 /* FamousPeople.006.jpg */,
				DFF5C1111764B40A0096C4C9 /* FamousPeople.007.jpg */,
				DFF5C1121764B40A0096C4C9 /* FamousPeople.008.jpg */,
				DFF5C1131764B40A0096C4C9 /* FamousPeople.009.jpg */,
				DFF5C1141764B40A0096C4C9 /* FamousPeople.010.jpg */,
				DFF5C1151764B40A0096C4C9 /* FamousPeople.011.jpg */,
				DFF5C1161764B40A0096C4C9 /* FamousPeople.012.jpg */,
				DFF5C1171764B40A0096C4C9 /* FamousPeople.013.jpg */,
				DFF5C1181764B40A0096C4C9 /* FamousPeople.014.jpg */,
				DFF5C1191764B40A0096C4C9 /* FamousPeople.015.jpg */,
				DFEC51C31768B2720007FB86 /* FamousPeople.016.jpg */,
				DFEC51C51768CE630007FB86 /* FamousPeople.017.jpg */,
				DFEC51C61768CE630007FB86 /* FamousPeople.018.jpg */,
			);
			name = FamousPeople;
			sourceTree = "<group>";
		};
		DFFF2AFC1771EF6D005E09D0 /* audio */ = {
			isa = PBXGroup;
			children = (
				DF1A7AB317734D3000D74773 /* applause.mp3 */,
				DFF4E583177543A0003FF70A /* amazing.mp3 */,
				DFFF2AFD1771EFAF005E09D0 /* back_piano.mp3 */,
				DFFF2AFE1771EFAF005E09D0 /* theme_piano.mp3 */,
				DF1A7AA71773418400D74773 /* count0.mp3 */,
				DF1A7AA81773418400D74773 /* count1.mp3 */,
				DF1A7AA91773418400D74773 /* count2.mp3 */,
				DF1A7AAA1773418400D74773 /* count3.mp3 */,
				DF1A7AAB1773418400D74773 /* count4.mp3 */,
				DF1A7AAC1773418400D74773 /* count5.mp3 */,
			);
			name = audio;
			sourceTree = "<group>";
		};
/* End PBXGroup section */

/* Begin PBXNativeTarget section */
		DF94F7FF1748E6CE008B9B65 /* deepImage */ = {
			isa = PBXNativeTarget;
			buildConfigurationList = DF94F8261748E6CE008B9B65 /* Build configuration list for PBXNativeTarget "deepImage" */;
			buildPhases = (
				DF94F7FC1748E6CE008B9B65 /* Sources */,
				DF94F7FD1748E6CE008B9B65 /* Frameworks */,
				DF94F7FE1748E6CE008B9B65 /* Resources */,
			);
			buildRules = (
			);
			dependencies = (
			);
			name = deepImage;
			productName = deepImage;
			productReference = DF94F8001748E6CE008B9B65 /* deepImage.app */;
			productType = "com.apple.product-type.application";
		};
/* End PBXNativeTarget section */

/* Begin PBXProject section */
		DF94F7F81748E6CE008B9B65 /* Project object */ = {
			isa = PBXProject;
			attributes = {
				CLASSPREFIX = YH;
				LastUpgradeCheck = 0460;
				ORGANIZATIONNAME = Yihhann;
			};
			buildConfigurationList = DF94F7FB1748E6CE008B9B65 /* Build configuration list for PBXProject "deepImage" */;
			compatibilityVersion = "Xcode 3.2";
			developmentRegion = English;
			hasScannedForEncodings = 0;
			knownRegions = (
				en,
				"zh-Hant",
			);
			mainGroup = DF94F7F71748E6CE008B9B65;
			productRefGroup = DF94F8011748E6CE008B9B65 /* Products */;
			projectDirPath = "";
			projectRoot = "";
			targets = (
				DF94F7FF1748E6CE008B9B65 /* deepImage */,
			);
		};
/* End PBXProject section */

/* Begin PBXResourcesBuildPhase section */
		DF94F7FE1748E6CE008B9B65 /* Resources */ = {
			isa = PBXResourcesBuildPhase;
			buildActionMask = 2147483647;
			files = (
				DF94F80E1748E6CE008B9B65 /* InfoPlist.strings in Resources */,
				DF94F8161748E6CE008B9B65 /* Default.png in Resources */,
				DF94F8181748E6CE008B9B65 /* Default@2x.png in Resources */,
				DF94F81A1748E6CE008B9B65 /* Default-568h@2x.png in Resources */,
				DF94F81D1748E6CE008B9B65 /* MainStoryboard_iPhone.storyboard in Resources */,
				DF94F8201748E6CE008B9B65 /* MainStoryboard_iPad.storyboard in Resources */,
				DF29F6D8174FB24000C44598 /* Icon.png in Resources */,
				DF29F6D9174FB24000C44598 /* Icon@2x.png in Resources */,
				DFF5C11A1764B40A0096C4C9 /* FamousPeople.001.jpg in Resources */,
				DFF5C11B1764B40A0096C4C9 /* FamousPeople.002.jpg in Resources */,
				DFF5C11C1764B40A0096C4C9 /* FamousPeople.003.jpg in Resources */,
				DFF5C11D1764B40A0096C4C9 /* FamousPeople.004.jpg in Resources */,
				DFF5C11E1764B40A0096C4C9 /* FamousPeople.005.jpg in Resources */,
				DFF5C11F1764B40A0096C4C9 /* FamousPeople.006.jpg in Resources */,
				DFF5C1201764B40A0096C4C9 /* FamousPeople.007.jpg in Resources */,
				DFF5C1211764B40A0096C4C9 /* FamousPeople.008.jpg in Resources */,
				DFF5C1221764B40A0096C4C9 /* FamousPeople.009.jpg in Resources */,
				DFF5C1231764B40A0096C4C9 /* FamousPeople.010.jpg in Resources */,
				DFF5C1241764B40A0096C4C9 /* FamousPeople.011.jpg in Resources */,
				DFF5C1251764B40A0096C4C9 /* FamousPeople.012.jpg in Resources */,
				DFF5C1261764B40A0096C4C9 /* FamousPeople.013.jpg in Resources */,
				DFF5C1271764B40A0096C4C9 /* FamousPeople.014.jpg in Resources */,
				DFF5C1281764B40A0096C4C9 /* FamousPeople.015.jpg in Resources */,
				DF5EC66817677169008FE5F7 /* pictureFrame.png in Resources */,
				DFEC51C217686E3C0007FB86 /* pictureQuestion.png in Resources */,
				DFEC51C41768B2720007FB86 /* FamousPeople.016.jpg in Resources */,
				DFEC51C71768CE630007FB86 /* FamousPeople.017.jpg in Resources */,
				DFEC51C81768CE630007FB86 /* FamousPeople.018.jpg in Resources */,
				DFE888A3176D64F20073C67B /* common.strings in Resources */,
				DF7A8417176DDDEE00FF0DBB /* AlbumFruits.strings in Resources */,
				DF7A841B176DDE1700FF0DBB /* AlbumAnimals.strings in Resources */,
				DF7A841F176DDE3300FF0DBB /* AlbumFamousPeople.strings in Resources */,
				DF7A8423176DDE5C00FF0DBB /* AlbumJapaneseFiftySounds.strings in Resources */,
				DF7A8427176DDEA900FF0DBB /* AlbumEnglishAlphabet.strings in Resources */,
				DFFF2AFF1771EFAF005E09D0 /* back_piano.mp3 in Resources */,
				DFFF2B001771EFAF005E09D0 /* theme_piano.mp3 in Resources */,
				DF1A7AAD1773418400D74773 /* count0.mp3 in Resources */,
				DF1A7AAE1773418400D74773 /* count1.mp3 in Resources */,
				DF1A7AAF1773418400D74773 /* count2.mp3 in Resources */,
				DF1A7AB01773418400D74773 /* count3.mp3 in Resources */,
				DF1A7AB11773418400D74773 /* count4.mp3 in Resources */,
				DF1A7AB21773418400D74773 /* count5.mp3 in Resources */,
				DF1A7AB417734D3000D74773 /* applause.mp3 in Resources */,
				DF217460177499FA007CCA67 /* Animals.001.jpg in Resources */,
				DF217461177499FA007CCA67 /* Animals.002.jpg in Resources */,
				DF217462177499FA007CCA67 /* Animals.003.jpg in Resources */,
				DF217463177499FA007CCA67 /* Animals.004.jpg in Resources */,
				DF217464177499FA007CCA67 /* Animals.005.jpg in Resources */,
				DF217465177499FA007CCA67 /* Animals.006.jpg in Resources */,
				DF217466177499FA007CCA67 /* Animals.007.jpg in Resources */,
				DF217467177499FA007CCA67 /* Animals.008.jpg in Resources */,
				DF217468177499FA007CCA67 /* Animals.009.jpg in Resources */,
				DF217469177499FA007CCA67 /* Animals.010.jpg in Resources */,
				DF21746A177499FA007CCA67 /* Animals.011.jpg in Resources */,
				DF21746B177499FA007CCA67 /* Animals.012.jpg in Resources */,
				DF21746C177499FA007CCA67 /* Animals.013.jpg in Resources */,
				DF21746D177499FA007CCA67 /* Animals.014.jpg in Resources */,
				DF21746E177499FA007CCA67 /* Animals.015.jpg in Resources */,
				DF21746F177499FA007CCA67 /* Animals.016.jpg in Resources */,
				DF217470177499FA007CCA67 /* Animals.017.jpg in Resources */,
				DF217471177499FA007CCA67 /* Animals.018.jpg in Resources */,
				DF217472177499FA007CCA67 /* Animals.019.jpg in Resources */,
				DF217473177499FA007CCA67 /* Animals.020.jpg in Resources */,
				DF217474177499FA007CCA67 /* Animals.021.jpg in Resources */,
				DF217475177499FA007CCA67 /* Animals.022.jpg in Resources */,
				DF217476177499FA007CCA67 /* Animals.023.jpg in Resources */,
				DF217477177499FA007CCA67 /* Animals.024.jpg in Resources */,
				DF217478177499FA007CCA67 /* Animals.025.jpg in Resources */,
				DF217479177499FA007CCA67 /* Animals.026.jpg in Resources */,
				DF21747A177499FA007CCA67 /* Animals.027.jpg in Resources */,
				DF21747B177499FA007CCA67 /* Animals.028.jpg in Resources */,
				DFF4E584177543A0003FF70A /* amazing.mp3 in Resources */,
				DFF4E59D177579BA003FF70A /* Fruits.001.jpg in Resources */,
				DFF4E59E177579BA003FF70A /* Fruits.002.jpg in Resources */,
				DFF4E59F177579BA003FF70A /* Fruits.003.jpg in Resources */,
				DFF4E5A0177579BA003FF70A /* Fruits.004.jpg in Resources */,
				DFF4E5A1177579BA003FF70A /* Fruits.005.jpg in Resources */,
				DFF4E5A2177579BA003FF70A /* Fruits.006.jpg in Resources */,
				DFF4E5A3177579BA003FF70A /* Fruits.007.jpg in Resources */,
				DFF4E5A4177579BA003FF70A /* Fruits.008.jpg in Resources */,
				DFF4E5A5177579BA003FF70A /* Fruits.009.jpg in Resources */,
				DFF4E5A6177579BA003FF70A /* Fruits.010.jpg in Resources */,
				DFF4E5A7177579BA003FF70A /* Fruits.011.jpg in Resources */,
				DFF4E5A8177579BA003FF70A /* Fruits.012.jpg in Resources */,
				DFF4E5A9177579BA003FF70A /* Fruits.013.jpg in Resources */,
				DFF4E5AA177579BA003FF70A /* Fruits.014.jpg in Resources */,
				DFF4E5AB177579BA003FF70A /* Fruits.015.jpg in Resources */,
				DFF4E5AC177579BA003FF70A /* Fruits.016.jpg in Resources */,
				DFF4E5AD177579BA003FF70A /* Fruits.017.jpg in Resources */,
				DFF4E5AE177579BA003FF70A /* Fruits.018.jpg in Resources */,
				DFF4E5AF177579BA003FF70A /* Fruits.019.jpg in Resources */,
				DFF4E5B0177579BA003FF70A /* Fruits.020.jpg in Resources */,
				DFF4E5B1177579BA003FF70A /* Fruits.021.jpg in Resources */,
				DFF4E5B2177579BA003FF70A /* Fruits.022.jpg in Resources */,
				DFF4E5B3177579BA003FF70A /* Fruits.023.jpg in Resources */,
			);
			runOnlyForDeploymentPostprocessing = 0;
		};
/* End PBXResourcesBuildPhase section */

/* Begin PBXSourcesBuildPhase section */
		DF94F7FC1748E6CE008B9B65 /* Sources */ = {
			isa = PBXSourcesBuildPhase;
			buildActionMask = 2147483647;
			files = (
				DF94F8101748E6CE008B9B65 /* main.m in Sources */,
				DF94F8141748E6CE008B9B65 /* YHAppDelegate.m in Sources */,
				DF94F8231748E6CE008B9B65 /* YHViewController.m in Sources */,
				DFF5C10817642EDA0096C4C9 /* YHMatchingViewController.m in Sources */,
				DF03E0C4176C7E2100519336 /* YHMatchingCell.m in Sources */,
			);
			runOnlyForDeploymentPostprocessing = 0;
		};
/* End PBXSourcesBuildPhase section */

/* Begin PBXVariantGroup section */
		DF7A8419176DDDEE00FF0DBB /* AlbumFruits.strings */ = {
			isa = PBXVariantGroup;
			children = (
				DF7A8418176DDDEE00FF0DBB /* en */,
				DF7A841A176DDDF700FF0DBB /* zh-Hant */,
			);
			name = AlbumFruits.strings;
			sourceTree = "<group>";
		};
		DF7A841D176DDE1700FF0DBB /* AlbumAnimals.strings */ = {
			isa = PBXVariantGroup;
			children = (
				DF7A841C176DDE1700FF0DBB /* en */,
				DF7A841E176DDE1D00FF0DBB /* zh-Hant */,
			);
			name = AlbumAnimals.strings;
			sourceTree = "<group>";
		};
		DF7A8421176DDE3300FF0DBB /* AlbumFamousPeople.strings */ = {
			isa = PBXVariantGroup;
			children = (
				DF7A8420176DDE3300FF0DBB /* en */,
				DF7A8422176DDE3900FF0DBB /* zh-Hant */,
			);
			name = AlbumFamousPeople.strings;
			sourceTree = "<group>";
		};
		DF7A8425176DDE5C00FF0DBB /* AlbumJapaneseFiftySounds.strings */ = {
			isa = PBXVariantGroup;
			children = (
				DF7A8424176DDE5C00FF0DBB /* en */,
				DF7A8426176DDE6200FF0DBB /* zh-Hant */,
			);
			name = AlbumJapaneseFiftySounds.strings;
			sourceTree = "<group>";
		};
		DF7A8429176DDEA900FF0DBB /* AlbumEnglishAlphabet.strings */ = {
			isa = PBXVariantGroup;
			children = (
				DF7A8428176DDEA900FF0DBB /* en */,
				DF7A842A176DDEAE00FF0DBB /* zh-Hant */,
			);
			name = AlbumEnglishAlphabet.strings;
			sourceTree = "<group>";
		};
		DF94F80C1748E6CE008B9B65 /* InfoPlist.strings */ = {
			isa = PBXVariantGroup;
			children = (
				DF94F80D1748E6CE008B9B65 /* en */,
				DFE888A7176D65B80073C67B /* zh-Hant */,
			);
			name = InfoPlist.strings;
			sourceTree = "<group>";
		};
		DF94F81B1748E6CE008B9B65 /* MainStoryboard_iPhone.storyboard */ = {
			isa = PBXVariantGroup;
			children = (
				DF94F81C1748E6CE008B9B65 /* en */,
				DF7A840C176D916F00FF0DBB /* zh-Hant */,
			);
			name = MainStoryboard_iPhone.storyboard;
			sourceTree = "<group>";
		};
		DF94F81E1748E6CE008B9B65 /* MainStoryboard_iPad.storyboard */ = {
			isa = PBXVariantGroup;
			children = (
				DF94F81F1748E6CE008B9B65 /* en */,
			);
			name = MainStoryboard_iPad.storyboard;
			sourceTree = "<group>";
		};
		DFE888A5176D64F20073C67B /* common.strings */ = {
			isa = PBXVariantGroup;
			children = (
				DFE888A4176D64F20073C67B /* en */,
				DFE888A6176D65B80073C67B /* zh-Hant */,
			);
			name = common.strings;
			sourceTree = "<group>";
		};
/* End PBXVariantGroup section */

/* Begin XCBuildConfiguration section */
		DF94F8241748E6CE008B9B65 /* Debug */ = {
			isa = XCBuildConfiguration;
			buildSettings = {
				ALWAYS_SEARCH_USER_PATHS = NO;
				CLANG_CXX_LANGUAGE_STANDARD = "gnu++0x";
				CLANG_CXX_LIBRARY = "libc++";
				CLANG_WARN_CONSTANT_CONVERSION = YES;
				CLANG_WARN_EMPTY_BODY = YES;
				CLANG_WARN_ENUM_CONVERSION = YES;
				CLANG_WARN_INT_CONVERSION = YES;
				CLANG_WARN__DUPLICATE_METHOD_MATCH = YES;
				"CODE_SIGN_IDENTITY[sdk=iphoneos*]" = "iPhone Developer";
				COPY_PHASE_STRIP = NO;
				GCC_C_LANGUAGE_STANDARD = gnu99;
				GCC_DYNAMIC_NO_PIC = NO;
				GCC_OPTIMIZATION_LEVEL = 0;
				GCC_PREPROCESSOR_DEFINITIONS = (
					"DEBUG=1",
					"$(inherited)",
				);
				GCC_SYMBOLS_PRIVATE_EXTERN = NO;
				GCC_WARN_ABOUT_RETURN_TYPE = YES;
				GCC_WARN_UNINITIALIZED_AUTOS = YES;
				GCC_WARN_UNUSED_VARIABLE = YES;
				IPHONEOS_DEPLOYMENT_TARGET = 6.1;
				ONLY_ACTIVE_ARCH = YES;
				SDKROOT = iphoneos;
				TARGETED_DEVICE_FAMILY = "1,2";
			};
			name = Debug;
		};
		DF94F8251748E6CE008B9B65 /* Release */ = {
			isa = XCBuildConfiguration;
			buildSettings = {
				ALWAYS_SEARCH_USER_PATHS = NO;
				CLANG_CXX_LANGUAGE_STANDARD = "gnu++0x";
				CLANG_CXX_LIBRARY = "libc++";
				CLANG_WARN_CONSTANT_CONVERSION = YES;
				CLANG_WARN_EMPTY_BODY = YES;
				CLANG_WARN_ENUM_CONVERSION = YES;
				CLANG_WARN_INT_CONVERSION = YES;
				CLANG_WARN__DUPLICATE_METHOD_MATCH = YES;
				"CODE_SIGN_IDENTITY[sdk=iphoneos*]" = "iPhone Developer";
				COPY_PHASE_STRIP = YES;
				GCC_C_LANGUAGE_STANDARD = gnu99;
				GCC_WARN_ABOUT_RETURN_TYPE = YES;
				GCC_WARN_UNINITIALIZED_AUTOS = YES;
				GCC_WARN_UNUSED_VARIABLE = YES;
				IPHONEOS_DEPLOYMENT_TARGET = 6.1;
				OTHER_CFLAGS = "-DNS_BLOCK_ASSERTIONS=1";
				SDKROOT = iphoneos;
				TARGETED_DEVICE_FAMILY = "1,2";
				VALIDATE_PRODUCT = YES;
			};
			name = Release;
		};
		DF94F8271748E6CE008B9B65 /* Debug */ = {
			isa = XCBuildConfiguration;
			buildSettings = {
				GCC_PRECOMPILE_PREFIX_HEADER = YES;
				GCC_PREFIX_HEADER = "deepImage/deepImage-Prefix.pch";
				INFOPLIST_FILE = "deepImage/deepImage-Info.plist";
				PRODUCT_NAME = "$(TARGET_NAME)";
				WRAPPER_EXTENSION = app;
			};
			name = Debug;
		};
		DF94F8281748E6CE008B9B65 /* Release */ = {
			isa = XCBuildConfiguration;
			buildSettings = {
				GCC_PRECOMPILE_PREFIX_HEADER = YES;
				GCC_PREFIX_HEADER = "deepImage/deepImage-Prefix.pch";
				INFOPLIST_FILE = "deepImage/deepImage-Info.plist";
				PRODUCT_NAME = "$(TARGET_NAME)";
				WRAPPER_EXTENSION = app;
			};
			name = Release;
		};
/* End XCBuildConfiguration section */

/* Begin XCConfigurationList section */
		DF94F7FB1748E6CE008B9B65 /* Build configuration list for PBXProject "deepImage" */ = {
			isa = XCConfigurationList;
			buildConfigurations = (
				DF94F8241748E6CE008B9B65 /* Debug */,
				DF94F8251748E6CE008B9B65 /* Release */,
			);
			defaultConfigurationIsVisible = 0;
			defaultConfigurationName = Release;
		};
		DF94F8261748E6CE008B9B65 /* Build configuration list for PBXNativeTarget "deepImage" */ = {
			isa = XCConfigurationList;
			buildConfigurations = (
				DF94F8271748E6CE008B9B65 /* Debug */,
				DF94F8281748E6CE008B9B65 /* Release */,
			);
			defaultConfigurationIsVisible = 0;
			defaultConfigurationName = Release;
		};
/* End XCConfigurationList section */
	};
	rootObject = DF94F7F81748E6CE008B9B65 /* Project object */;
}
